
Microsoft Visual Studio Solution File, Format Version 12.00
# Visual Studio 14
VisualStudioVersion = 14.0.24720.0
MinimumVisualStudioVersion = 10.0.40219.1
Project("{FAE04EC0-301F-11D3-BF4B-00C04F79EFBC}") = "BullsAndCows.Models", "BullsAndCows.Models\BullsAndCows.Models.csproj", "{38DBD2E3-73BB-4C67-9ECB-A549D678E9EE}"
EndProject
Project("{FAE04EC0-301F-11D3-BF4B-00C04F79EFBC}") = "BullsAndCows.UI", "BullsAndCows.UI\BullsAndCows.UI.csproj", "{C6A81ED9-BEF4-44EC-A7E1-6E7DF3C8D5C4}"
EndProject
Global
	GlobalSection(SolutionConfigurationPlatforms) = preSolution
		Debug|Any CPU = Debug|Any CPU
		Release|Any CPU = Release|Any CPU
	EndGlobalSection
	GlobalSection(ProjectConfigurationPlatforms) = postSolution
		{38DBD2E3-73BB-4C67-9ECB-A549D678E9EE}.Debug|Any CPU.ActiveCfg = Debug|Any CPU
		{38DBD2E3-73BB-4C67-9ECB-A549D678E9EE}.Debug|Any CPU.Build.0 = Debug|Any CPU
		{38DBD2E3-73BB-4C67-9ECB-A549D678E9EE}.Release|Any CPU.ActiveCfg = Release|Any CPU
		{38DBD2E3-73BB-4C67-9ECB-A549D678E9EE}.Release|Any CPU.Build.0 = Release|Any CPU
		{C6A81ED9-BEF4-44EC-A7E1-6E7DF3C8D5C4}.Debug|Any CPU.ActiveCfg = Debug|Any CPU
		{C6A81ED9-BEF4-44EC-A7E1-6E7DF3C8D5C4}.Debug|Any CPU.Build.0 = Debug|Any CPU
		{C6A81ED9-BEF4-44EC-A7E1-6E7DF3C8D5C4}.Release|Any CPU.ActiveCfg = Release|Any CPU
		{C6A81ED9-BEF4-44EC-A7E1-6E7DF3C8D5C4}.Release|Any CPU.Build.0 = Release|Any CPU
	EndGlobalSection
	GlobalSection(SolutionProperties) = preSolution
		HideSolutionNode = FALSE
	EndGlobalSection
EndGlobal
